
Microsoft Visual Studio Solution File, Format Version 12.00
# Visual Studio Version 17
VisualStudioVersion = 17.7.34202.233
MinimumVisualStudioVersion = 10.0.40219.1
Project("{FAE04EC0-301F-11D3-BF4B-00C04F79EFBC}") = "HOMEWORK 12", "HOMEWORK 12\HOMEWORK 12.csproj", "{8E18E315-D862-4B45-B9CB-320FAB27B32B}"
EndProject
Global
	GlobalSection(SolutionConfigurationPlatforms) = preSolution
		Debug|Any CPU = Debug|Any CPU
		Release|Any CPU = Release|Any CPU
	EndGlobalSection
	GlobalSection(ProjectConfigurationPlatforms) = postSolution
		{8E18E315-D862-4B45-B9CB-320FAB27B32B}.Debug|Any CPU.ActiveCfg = Debug|Any CPU
		{8E18E315-D862-4B45-B9CB-320FAB27B32B}.Debug|Any CPU.Build.0 = Debug|Any CPU
		{8E18E315-D862-4B45-B9CB-320FAB27B32B}.Release|Any CPU.ActiveCfg = Release|Any CPU
		{8E18E315-D862-4B45-B9CB-320FAB27B32B}.Release|Any CPU.Build.0 = Release|Any CPU
	EndGlobalSection
	GlobalSection(SolutionProperties) = preSolution
		HideSolutionNode = FALSE
	EndGlobalSection
	GlobalSection(ExtensibilityGlobals) = postSolution
		SolutionGuid = {4D3201EE-B744-4CCB-A2A5-762297C389AE}
	EndGlobalSection
EndGlobal
